
Microsoft Visual Studio Solution File, Format Version 12.00
# Visual Studio 14
VisualStudioVersion = 14.0.25420.1
MinimumVisualStudioVersion = 10.0.40219.1
Project("{8BC9CEB8-8B4A-11D0-8D11-00A0C91BC942}") = "deque", "deque\deque.vcxproj", "{119617F4-C9FD-4E48-9E2B-320801B598DC}"
EndProject
Project("{8BC9CEB8-8B4A-11D0-8D11-00A0C91BC942}") = "hybrid_inheritance", "hybrid_inheritance\hybrid_inheritance.vcxproj", "{B0A5E3A7-3638-44F5-928E-C78B00FE3BF2}"
EndProject
Project("{8BC9CEB8-8B4A-11D0-8D11-00A0C91BC942}") = "namespace_example", "namespace_example\namespace_example.vcxproj", "{FA762291-BB19-46CD-B801-EFC5EEDD8F88}"
EndProject
Project("{8BC9CEB8-8B4A-11D0-8D11-00A0C91BC942}") = "coversion_function_ex1", "coversion_function_ex1\coversion_function_ex1.vcxproj", "{5E8E82D4-171C-4D6E-83CE-627E0DA71DF0}"
EndProject
Project("{8BC9CEB8-8B4A-11D0-8D11-00A0C91BC942}") = "constant_mem_funcns", "constant_mem_funcns\constant_mem_funcns.vcxproj", "{6A482192-AF0C-4F58-80D4-1B8AA4332245}"
EndProject
Project("{8BC9CEB8-8B4A-11D0-8D11-00A0C91BC942}") = "namespace_sep_files", "namespace_sep_files\namespace_sep_files.vcxproj", "{E4B64CBA-04CF-4735-843C-FFE8A6067CA8}"
EndProject
Project("{8BC9CEB8-8B4A-11D0-8D11-00A0C91BC942}") = "assign-4 polygon_class", "assign-4 polygon_class\assign-4 polygon_class.vcxproj", "{C9BE5416-4B3A-44F9-A456-FE5DB08A9AC3}"
EndProject
Project("{8BC9CEB8-8B4A-11D0-8D11-00A0C91BC942}") = "assign-4 student_class", "assign-4 student_class\assign-4 student_class.vcxproj", "{A12480F1-227B-416E-9F6A-8BEF6CB43163}"
EndProject
Project("{8BC9CEB8-8B4A-11D0-8D11-00A0C91BC942}") = "assign5_ques4", "assign5_ques4\assign5_ques4.vcxproj", "{96B5B8A5-44D7-4538-AF5C-A6E3FC1D7E65}"
EndProject
Project("{8BC9CEB8-8B4A-11D0-8D11-00A0C91BC942}") = "assign5_question5", "assign5_question5\assign5_question5.vcxproj", "{4C9637DF-59DB-44DD-BF10-106DFB2FD50D}"
EndProject
Global
	GlobalSection(SolutionConfigurationPlatforms) = preSolution
		Debug|x64 = Debug|x64
		Debug|x86 = Debug|x86
		Release|x64 = Release|x64
		Release|x86 = Release|x86
	EndGlobalSection
	GlobalSection(ProjectConfigurationPlatforms) = postSolution
		{119617F4-C9FD-4E48-9E2B-320801B598DC}.Debug|x64.ActiveCfg = Debug|x64
		{119617F4-C9FD-4E48-9E2B-320801B598DC}.Debug|x64.Build.0 = Debug|x64
		{119617F4-C9FD-4E48-9E2B-320801B598DC}.Debug|x86.ActiveCfg = Debug|Win32
		{119617F4-C9FD-4E48-9E2B-320801B598DC}.Debug|x86.Build.0 = Debug|Win32
		{119617F4-C9FD-4E48-9E2B-320801B598DC}.Release|x64.ActiveCfg = Release|x64
		{119617F4-C9FD-4E48-9E2B-320801B598DC}.Release|x64.Build.0 = Release|x64
		{119617F4-C9FD-4E48-9E2B-320801B598DC}.Release|x86.ActiveCfg = Release|Win32
		{119617F4-C9FD-4E48-9E2B-320801B598DC}.Release|x86.Build.0 = Release|Win32
		{B0A5E3A7-3638-44F5-928E-C78B00FE3BF2}.Debug|x64.ActiveCfg = Debug|x64
		{B0A5E3A7-3638-44F5-928E-C78B00FE3BF2}.Debug|x64.Build.0 = Debug|x64
		{B0A5E3A7-3638-44F5-928E-C78B00FE3BF2}.Debug|x86.ActiveCfg = Debug|Win32
		{B0A5E3A7-3638-44F5-928E-C78B00FE3BF2}.Debug|x86.Build.0 = Debug|Win32
		{B0A5E3A7-3638-44F5-928E-C78B00FE3BF2}.Release|x64.ActiveCfg = Release|x64
		{B0A5E3A7-3638-44F5-928E-C78B00FE3BF2}.Release|x64.Build.0 = Release|x64
		{B0A5E3A7-3638-44F5-928E-C78B00FE3BF2}.Release|x86.ActiveCfg = Release|Win32
		{B0A5E3A7-3638-44F5-928E-C78B00FE3BF2}.Release|x86.Build.0 = Release|Win32
		{FA762291-BB19-46CD-B801-EFC5EEDD8F88}.Debug|x64.ActiveCfg = Debug|x64
		{FA762291-BB19-46CD-B801-EFC5EEDD8F88}.Debug|x64.Build.0 = Debug|x64
		{FA762291-BB19-46CD-B801-EFC5EEDD8F88}.Debug|x86.ActiveCfg = Debug|Win32
		{FA762291-BB19-46CD-B801-EFC5EEDD8F88}.Debug|x86.Build.0 = Debug|Win32
		{FA762291-BB19-46CD-B801-EFC5EEDD8F88}.Release|x64.ActiveCfg = Release|x64
		{FA762291-BB19-46CD-B801-EFC5EEDD8F88}.Release|x64.Build.0 = Release|x64
		{FA762291-BB19-46CD-B801-EFC5EEDD8F88}.Release|x86.ActiveCfg = Release|Win32
		{FA762291-BB19-46CD-B801-EFC5EEDD8F88}.Release|x86.Build.0 = Release|Win32
		{5E8E82D4-171C-4D6E-83CE-627E0DA71DF0}.Debug|x64.ActiveCfg = Debug|x64
		{5E8E82D4-171C-4D6E-83CE-627E0DA71DF0}.Debug|x64.Build.0 = Debug|x64
		{5E8E82D4-171C-4D6E-83CE-627E0DA71DF0}.Debug|x86.ActiveCfg = Debug|Win32
		{5E8E82D4-171C-4D6E-83CE-627E0DA71DF0}.Debug|x86.Build.0 = Debug|Win32
		{5E8E82D4-171C-4D6E-83CE-627E0DA71DF0}.Release|x64.ActiveCfg = Release|x64
		{5E8E82D4-171C-4D6E-83CE-627E0DA71DF0}.Release|x64.Build.0 = Release|x64
		{5E8E82D4-171C-4D6E-83CE-627E0DA71DF0}.Release|x86.ActiveCfg = Release|Win32
		{5E8E82D4-171C-4D6E-83CE-627E0DA71DF0}.Release|x86.Build.0 = Release|Win32
		{6A482192-AF0C-4F58-80D4-1B8AA4332245}.Debug|x64.ActiveCfg = Debug|x64
		{6A482192-AF0C-4F58-80D4-1B8AA4332245}.Debug|x64.Build.0 = Debug|x64
		{6A482192-AF0C-4F58-80D4-1B8AA4332245}.Debug|x86.ActiveCfg = Debug|Win32
		{6A482192-AF0C-4F58-80D4-1B8AA4332245}.Debug|x86.Build.0 = Debug|Win32
		{6A482192-AF0C-4F58-80D4-1B8AA4332245}.Release|x64.ActiveCfg = Release|x64
		{6A482192-AF0C-4F58-80D4-1B8AA4332245}.Release|x64.Build.0 = Release|x64
		{6A482192-AF0C-4F58-80D4-1B8AA4332245}.Release|x86.ActiveCfg = Release|Win32
		{6A482192-AF0C-4F58-80D4-1B8AA4332245}.Release|x86.Build.0 = Release|Win32
		{E4B64CBA-04CF-4735-843C-FFE8A6067CA8}.Debug|x64.ActiveCfg = Debug|x64
		{E4B64CBA-04CF-4735-843C-FFE8A6067CA8}.Debug|x64.Build.0 = Debug|x64
		{E4B64CBA-04CF-4735-843C-FFE8A6067CA8}.Debug|x86.ActiveCfg = Debug|Win32
		{E4B64CBA-04CF-4735-843C-FFE8A6067CA8}.Debug|x86.Build.0 = Debug|Win32
		{E4B64CBA-04CF-4735-843C-FFE8A6067CA8}.Release|x64.ActiveCfg = Release|x64
		{E4B64CBA-04CF-4735-843C-FFE8A6067CA8}.Release|x64.Build.0 = Release|x64
		{E4B64CBA-04CF-4735-843C-FFE8A6067CA8}.Release|x86.ActiveCfg = Release|Win32
		{E4B64CBA-04CF-4735-843C-FFE8A6067CA8}.Release|x86.Build.0 = Release|Win32
		{C9BE5416-4B3A-44F9-A456-FE5DB08A9AC3}.Debug|x64.ActiveCfg = Debug|x64
		{C9BE5416-4B3A-44F9-A456-FE5DB08A9AC3}.Debug|x64.Build.0 = Debug|x64
		{C9BE5416-4B3A-44F9-A456-FE5DB08A9AC3}.Debug|x86.ActiveCfg = Debug|Win32
		{C9BE5416-4B3A-44F9-A456-FE5DB08A9AC3}.Debug|x86.Build.0 = Debug|Win32
		{C9BE5416-4B3A-44F9-A456-FE5DB08A9AC3}.Release|x64.ActiveCfg = Release|x64
		{C9BE5416-4B3A-44F9-A456-FE5DB08A9AC3}.Release|x64.Build.0 = Release|x64
		{C9BE5416-4B3A-44F9-A456-FE5DB08A9AC3}.Release|x86.ActiveCfg = Release|Win32
		{C9BE5416-4B3A-44F9-A456-FE5DB08A9AC3}.Release|x86.Build.0 = Release|Win32
		{A12480F1-227B-416E-9F6A-8BEF6CB43163}.Debug|x64.ActiveCfg = Debug|x64
		{A12480F1-227B-416E-9F6A-8BEF6CB43163}.Debug|x64.Build.0 = Debug|x64
		{A12480F1-227B-416E-9F6A-8BEF6CB43163}.Debug|x86.ActiveCfg = Debug|Win32
		{A12480F1-227B-416E-9F6A-8BEF6CB43163}.Debug|x86.Build.0 = Debug|Win32
		{A12480F1-227B-416E-9F6A-8BEF6CB43163}.Release|x64.ActiveCfg = Release|x64
		{A12480F1-227B-416E-9F6A-8BEF6CB43163}.Release|x64.Build.0 = Release|x64
		{A12480F1-227B-416E-9F6A-8BEF6CB43163}.Release|x86.ActiveCfg = Release|Win32
		{A12480F1-227B-416E-9F6A-8BEF6CB43163}.Release|x86.Build.0 = Release|Win32
		{96B5B8A5-44D7-4538-AF5C-A6E3FC1D7E65}.Debug|x64.ActiveCfg = Debug|x64
		{96B5B8A5-44D7-4538-AF5C-A6E3FC1D7E65}.Debug|x64.Build.0 = Debug|x64
		{96B5B8A5-44D7-4538-AF5C-A6E3FC1D7E65}.Debug|x86.ActiveCfg = Debug|Win32
		{96B5B8A5-44D7-4538-AF5C-A6E3FC1D7E65}.Debug|x86.Build.0 = Debug|Win32
		{96B5B8A5-44D7-4538-AF5C-A6E3FC1D7E65}.Release|x64.ActiveCfg = Release|x64
		{96B5B8A5-44D7-4538-AF5C-A6E3FC1D7E65}.Release|x64.Build.0 = Release|x64
		{96B5B8A5-44D7-4538-AF5C-A6E3FC1D7E65}.Release|x86.ActiveCfg = Release|Win32
		{96B5B8A5-44D7-4538-AF5C-A6E3FC1D7E65}.Release|x86.Build.0 = Release|Win32
		{4C9637DF-59DB-44DD-BF10-106DFB2FD50D}.Debug|x64.ActiveCfg = Debug|x64
		{4C9637DF-59DB-44DD-BF10-106DFB2FD50D}.Debug|x64.Build.0 = Debug|x64
		{4C9637DF-59DB-44DD-BF10-106DFB2FD50D}.Debug|x86.ActiveCfg = Debug|Win32
		{4C9637DF-59DB-44DD-BF10-106DFB2FD50D}.Debug|x86.Build.0 = Debug|Win32
		{4C9637DF-59DB-44DD-BF10-106DFB2FD50D}.Release|x64.ActiveCfg = Release|x64
		{4C9637DF-59DB-44DD-BF10-106DFB2FD50D}.Release|x64.Build.0 = Release|x64
		{4C9637DF-59DB-44DD-BF10-106DFB2FD50D}.Release|x86.ActiveCfg = Release|Win32
		{4C9637DF-59DB-44DD-BF10-106DFB2FD50D}.Release|x86.Build.0 = Release|Win32
	EndGlobalSection
	GlobalSection(SolutionProperties) = preSolution
		HideSolutionNode = FALSE
	EndGlobalSection
EndGlobal
