
Microsoft Visual Studio Solution File, Format Version 12.00
# Visual Studio 14
VisualStudioVersion = 14.0.25420.1
MinimumVisualStudioVersion = 10.0.40219.1
Project("{8BC9CEB8-8B4A-11D0-8D11-00A0C91BC942}") = "expand", "expand\expand.vcxproj", "{208AD87B-F3F1-413A-998B-D3BACB62B48F}"
EndProject
Project("{8BC9CEB8-8B4A-11D0-8D11-00A0C91BC942}") = "stringfunctions", "stringfunctions\stringfunctions.vcxproj", "{B15C0C74-2EF8-49D3-ACD1-4CCE722234C7}"
EndProject
Project("{8BC9CEB8-8B4A-11D0-8D11-00A0C91BC942}") = "multifile", "multifile\multifile.vcxproj", "{A5E1F71F-E887-495C-B0FD-C960ACD8B61B}"
EndProject
Project("{8BC9CEB8-8B4A-11D0-8D11-00A0C91BC942}") = "strings", "strings\strings.vcxproj", "{6730752C-D26B-4059-B36A-346B06BED949}"
EndProject
Project("{8BC9CEB8-8B4A-11D0-8D11-00A0C91BC942}") = "stringsingle", "stringsingle\stringsingle.vcxproj", "{E561BE98-432D-4104-9383-9C507BAC0C7F}"
EndProject
Project("{8BC9CEB8-8B4A-11D0-8D11-00A0C91BC942}") = "multifile-simple", "multifile-simple\multifile-simple.vcxproj", "{7A1C5935-5E78-4867-900E-AA108D611040}"
EndProject
Global
	GlobalSection(SolutionConfigurationPlatforms) = preSolution
		Debug|x64 = Debug|x64
		Debug|x86 = Debug|x86
		Release|x64 = Release|x64
		Release|x86 = Release|x86
	EndGlobalSection
	GlobalSection(ProjectConfigurationPlatforms) = postSolution
		{208AD87B-F3F1-413A-998B-D3BACB62B48F}.Debug|x64.ActiveCfg = Debug|x64
		{208AD87B-F3F1-413A-998B-D3BACB62B48F}.Debug|x64.Build.0 = Debug|x64
		{208AD87B-F3F1-413A-998B-D3BACB62B48F}.Debug|x86.ActiveCfg = Debug|Win32
		{208AD87B-F3F1-413A-998B-D3BACB62B48F}.Debug|x86.Build.0 = Debug|Win32
		{208AD87B-F3F1-413A-998B-D3BACB62B48F}.Release|x64.ActiveCfg = Release|x64
		{208AD87B-F3F1-413A-998B-D3BACB62B48F}.Release|x64.Build.0 = Release|x64
		{208AD87B-F3F1-413A-998B-D3BACB62B48F}.Release|x86.ActiveCfg = Release|Win32
		{208AD87B-F3F1-413A-998B-D3BACB62B48F}.Release|x86.Build.0 = Release|Win32
		{B15C0C74-2EF8-49D3-ACD1-4CCE722234C7}.Debug|x64.ActiveCfg = Debug|x64
		{B15C0C74-2EF8-49D3-ACD1-4CCE722234C7}.Debug|x64.Build.0 = Debug|x64
		{B15C0C74-2EF8-49D3-ACD1-4CCE722234C7}.Debug|x86.ActiveCfg = Debug|Win32
		{B15C0C74-2EF8-49D3-ACD1-4CCE722234C7}.Debug|x86.Build.0 = Debug|Win32
		{B15C0C74-2EF8-49D3-ACD1-4CCE722234C7}.Release|x64.ActiveCfg = Release|x64
		{B15C0C74-2EF8-49D3-ACD1-4CCE722234C7}.Release|x64.Build.0 = Release|x64
		{B15C0C74-2EF8-49D3-ACD1-4CCE722234C7}.Release|x86.ActiveCfg = Release|Win32
		{B15C0C74-2EF8-49D3-ACD1-4CCE722234C7}.Release|x86.Build.0 = Release|Win32
		{A5E1F71F-E887-495C-B0FD-C960ACD8B61B}.Debug|x64.ActiveCfg = Debug|x64
		{A5E1F71F-E887-495C-B0FD-C960ACD8B61B}.Debug|x64.Build.0 = Debug|x64
		{A5E1F71F-E887-495C-B0FD-C960ACD8B61B}.Debug|x86.ActiveCfg = Debug|Win32
		{A5E1F71F-E887-495C-B0FD-C960ACD8B61B}.Debug|x86.Build.0 = Debug|Win32
		{A5E1F71F-E887-495C-B0FD-C960ACD8B61B}.Release|x64.ActiveCfg = Release|x64
		{A5E1F71F-E887-495C-B0FD-C960ACD8B61B}.Release|x64.Build.0 = Release|x64
		{A5E1F71F-E887-495C-B0FD-C960ACD8B61B}.Release|x86.ActiveCfg = Release|Win32
		{A5E1F71F-E887-495C-B0FD-C960ACD8B61B}.Release|x86.Build.0 = Release|Win32
		{6730752C-D26B-4059-B36A-346B06BED949}.Debug|x64.ActiveCfg = Debug|x64
		{6730752C-D26B-4059-B36A-346B06BED949}.Debug|x64.Build.0 = Debug|x64
		{6730752C-D26B-4059-B36A-346B06BED949}.Debug|x86.ActiveCfg = Debug|Win32
		{6730752C-D26B-4059-B36A-346B06BED949}.Debug|x86.Build.0 = Debug|Win32
		{6730752C-D26B-4059-B36A-346B06BED949}.Release|x64.ActiveCfg = Release|x64
		{6730752C-D26B-4059-B36A-346B06BED949}.Release|x64.Build.0 = Release|x64
		{6730752C-D26B-4059-B36A-346B06BED949}.Release|x86.ActiveCfg = Release|Win32
		{6730752C-D26B-4059-B36A-346B06BED949}.Release|x86.Build.0 = Release|Win32
		{E561BE98-432D-4104-9383-9C507BAC0C7F}.Debug|x64.ActiveCfg = Debug|x64
		{E561BE98-432D-4104-9383-9C507BAC0C7F}.Debug|x64.Build.0 = Debug|x64
		{E561BE98-432D-4104-9383-9C507BAC0C7F}.Debug|x86.ActiveCfg = Debug|Win32
		{E561BE98-432D-4104-9383-9C507BAC0C7F}.Debug|x86.Build.0 = Debug|Win32
		{E561BE98-432D-4104-9383-9C507BAC0C7F}.Release|x64.ActiveCfg = Release|x64
		{E561BE98-432D-4104-9383-9C507BAC0C7F}.Release|x64.Build.0 = Release|x64
		{E561BE98-432D-4104-9383-9C507BAC0C7F}.Release|x86.ActiveCfg = Release|Win32
		{E561BE98-432D-4104-9383-9C507BAC0C7F}.Release|x86.Build.0 = Release|Win32
		{7A1C5935-5E78-4867-900E-AA108D611040}.Debug|x64.ActiveCfg = Debug|x64
		{7A1C5935-5E78-4867-900E-AA108D611040}.Debug|x64.Build.0 = Debug|x64
		{7A1C5935-5E78-4867-900E-AA108D611040}.Debug|x86.ActiveCfg = Debug|Win32
		{7A1C5935-5E78-4867-900E-AA108D611040}.Debug|x86.Build.0 = Debug|Win32
		{7A1C5935-5E78-4867-900E-AA108D611040}.Release|x64.ActiveCfg = Release|x64
		{7A1C5935-5E78-4867-900E-AA108D611040}.Release|x64.Build.0 = Release|x64
		{7A1C5935-5E78-4867-900E-AA108D611040}.Release|x86.ActiveCfg = Release|Win32
		{7A1C5935-5E78-4867-900E-AA108D611040}.Release|x86.Build.0 = Release|Win32
	EndGlobalSection
	GlobalSection(SolutionProperties) = preSolution
		HideSolutionNode = FALSE
	EndGlobalSection
EndGlobal
