
Microsoft Visual Studio Solution File, Format Version 12.00
# Visual Studio 14
VisualStudioVersion = 14.0.25420.1
MinimumVisualStudioVersion = 10.0.40219.1
Project("{8BC9CEB8-8B4A-11D0-8D11-00A0C91BC942}") = "Project3", "Project3\Project3.vcxproj", "{EC5E4944-5AB4-4219-A21C-935A7835729D}"
EndProject
Project("{8BC9CEB8-8B4A-11D0-8D11-00A0C91BC942}") = "Project5", "Project5\Project5.vcxproj", "{5A227F99-0F5D-4A85-96D9-4392DC25CCDD}"
EndProject
Project("{8BC9CEB8-8B4A-11D0-8D11-00A0C91BC942}") = "Project6", "Project6\Project6.vcxproj", "{9962723D-28CF-44F0-9E85-49082654C9C3}"
EndProject
Project("{8BC9CEB8-8B4A-11D0-8D11-00A0C91BC942}") = "Project10", "Project10\Project10.vcxproj", "{02A7CF02-DAE6-4678-8844-BB40BAD43C09}"
EndProject
Project("{8BC9CEB8-8B4A-11D0-8D11-00A0C91BC942}") = "Project11", "Project11\Project11.vcxproj", "{886CA9EE-32E8-426B-AF05-E3496FAEB64C}"
EndProject
Project("{8BC9CEB8-8B4A-11D0-8D11-00A0C91BC942}") = "Project11 program 2", "Project11 program 2\Project11 program 2.vcxproj", "{373EFC93-BBF0-4621-A738-6FC68B985A6E}"
EndProject
Project("{8BC9CEB8-8B4A-11D0-8D11-00A0C91BC942}") = "Project12", "Project12\Project12.vcxproj", "{1B130600-52D6-42E8-BD27-202F4F2004DA}"
EndProject
Project("{8BC9CEB8-8B4A-11D0-8D11-00A0C91BC942}") = "Project13", "Project13\Project13.vcxproj", "{E5F7D9F3-9E1A-4E29-B5E6-B4272AC0C106}"
EndProject
Project("{8BC9CEB8-8B4A-11D0-8D11-00A0C91BC942}") = "Project14", "Project14\Project14.vcxproj", "{91B61C9F-6CFD-4640-8F83-AFACE16D53B7}"
EndProject
Project("{8BC9CEB8-8B4A-11D0-8D11-00A0C91BC942}") = "Project15", "Project15\Project15.vcxproj", "{6FFC896B-8E32-48F6-82D4-A0476F7BB4D1}"
EndProject
Project("{8BC9CEB8-8B4A-11D0-8D11-00A0C91BC942}") = "Project17", "Project17\Project17.vcxproj", "{04EC5496-5DC9-4F70-B718-178A8225008E}"
EndProject
Project("{8BC9CEB8-8B4A-11D0-8D11-00A0C91BC942}") = "Project18", "Project18\Project18.vcxproj", "{0B7D4FC5-6408-4DC1-9B9B-25C32B9FB11D}"
EndProject
Project("{8BC9CEB8-8B4A-11D0-8D11-00A0C91BC942}") = "Project19", "Project19\Project19.vcxproj", "{DB91BFAE-22DA-4E2E-8249-57BF69BED63D}"
EndProject
Project("{8BC9CEB8-8B4A-11D0-8D11-00A0C91BC942}") = "Project20", "Project20\Project20.vcxproj", "{84D5DB52-B0F2-4D7F-9422-5536B38A25D1}"
EndProject
Project("{8BC9CEB8-8B4A-11D0-8D11-00A0C91BC942}") = "MYLIB_Project1", "DLL_Project1\DLL_Project1.vcxproj", "{BB58EF7B-4B68-4438-A951-83BF54CE836C}"
EndProject
Project("{8BC9CEB8-8B4A-11D0-8D11-00A0C91BC942}") = "21_dll", "21_dll\21_dll.vcxproj", "{9C11A43F-927E-4900-9E8E-0BA7347C9BE1}"
EndProject
Project("{8BC9CEB8-8B4A-11D0-8D11-00A0C91BC942}") = "Project24", "Project24\Project24.vcxproj", "{BA94BBDB-D4BE-46CB-9EAA-26788DEC488F}"
EndProject
Project("{8BC9CEB8-8B4A-11D0-8D11-00A0C91BC942}") = "Project25", "Project25\Project25.vcxproj", "{07EABA90-0CE5-475F-A563-CA2107E44BBC}"
EndProject
Project("{8BC9CEB8-8B4A-11D0-8D11-00A0C91BC942}") = "Project26", "Project26\Project26.vcxproj", "{740CBBEE-F373-4E21-AEB5-A25739A896B2}"
EndProject
Global
	GlobalSection(SolutionConfigurationPlatforms) = preSolution
		Debug|x64 = Debug|x64
		Debug|x86 = Debug|x86
		Release|x64 = Release|x64
		Release|x86 = Release|x86
	EndGlobalSection
	GlobalSection(ProjectConfigurationPlatforms) = postSolution
		{EC5E4944-5AB4-4219-A21C-935A7835729D}.Debug|x64.ActiveCfg = Debug|x64
		{EC5E4944-5AB4-4219-A21C-935A7835729D}.Debug|x64.Build.0 = Debug|x64
		{EC5E4944-5AB4-4219-A21C-935A7835729D}.Debug|x86.ActiveCfg = Debug|Win32
		{EC5E4944-5AB4-4219-A21C-935A7835729D}.Debug|x86.Build.0 = Debug|Win32
		{EC5E4944-5AB4-4219-A21C-935A7835729D}.Release|x64.ActiveCfg = Release|x64
		{EC5E4944-5AB4-4219-A21C-935A7835729D}.Release|x64.Build.0 = Release|x64
		{EC5E4944-5AB4-4219-A21C-935A7835729D}.Release|x86.ActiveCfg = Release|Win32
		{EC5E4944-5AB4-4219-A21C-935A7835729D}.Release|x86.Build.0 = Release|Win32
		{5A227F99-0F5D-4A85-96D9-4392DC25CCDD}.Debug|x64.ActiveCfg = Debug|x64
		{5A227F99-0F5D-4A85-96D9-4392DC25CCDD}.Debug|x64.Build.0 = Debug|x64
		{5A227F99-0F5D-4A85-96D9-4392DC25CCDD}.Debug|x86.ActiveCfg = Debug|Win32
		{5A227F99-0F5D-4A85-96D9-4392DC25CCDD}.Debug|x86.Build.0 = Debug|Win32
		{5A227F99-0F5D-4A85-96D9-4392DC25CCDD}.Release|x64.ActiveCfg = Release|x64
		{5A227F99-0F5D-4A85-96D9-4392DC25CCDD}.Release|x64.Build.0 = Release|x64
		{5A227F99-0F5D-4A85-96D9-4392DC25CCDD}.Release|x86.ActiveCfg = Release|Win32
		{5A227F99-0F5D-4A85-96D9-4392DC25CCDD}.Release|x86.Build.0 = Release|Win32
		{9962723D-28CF-44F0-9E85-49082654C9C3}.Debug|x64.ActiveCfg = Debug|x64
		{9962723D-28CF-44F0-9E85-49082654C9C3}.Debug|x64.Build.0 = Debug|x64
		{9962723D-28CF-44F0-9E85-49082654C9C3}.Debug|x86.ActiveCfg = Debug|Win32
		{9962723D-28CF-44F0-9E85-49082654C9C3}.Debug|x86.Build.0 = Debug|Win32
		{9962723D-28CF-44F0-9E85-49082654C9C3}.Release|x64.ActiveCfg = Release|x64
		{9962723D-28CF-44F0-9E85-49082654C9C3}.Release|x64.Build.0 = Release|x64
		{9962723D-28CF-44F0-9E85-49082654C9C3}.Release|x86.ActiveCfg = Release|Win32
		{9962723D-28CF-44F0-9E85-49082654C9C3}.Release|x86.Build.0 = Release|Win32
		{02A7CF02-DAE6-4678-8844-BB40BAD43C09}.Debug|x64.ActiveCfg = Debug|x64
		{02A7CF02-DAE6-4678-8844-BB40BAD43C09}.Debug|x64.Build.0 = Debug|x64
		{02A7CF02-DAE6-4678-8844-BB40BAD43C09}.Debug|x86.ActiveCfg = Debug|Win32
		{02A7CF02-DAE6-4678-8844-BB40BAD43C09}.Debug|x86.Build.0 = Debug|Win32
		{02A7CF02-DAE6-4678-8844-BB40BAD43C09}.Release|x64.ActiveCfg = Release|x64
		{02A7CF02-DAE6-4678-8844-BB40BAD43C09}.Release|x64.Build.0 = Release|x64
		{02A7CF02-DAE6-4678-8844-BB40BAD43C09}.Release|x86.ActiveCfg = Release|Win32
		{02A7CF02-DAE6-4678-8844-BB40BAD43C09}.Release|x86.Build.0 = Release|Win32
		{886CA9EE-32E8-426B-AF05-E3496FAEB64C}.Debug|x64.ActiveCfg = Debug|x64
		{886CA9EE-32E8-426B-AF05-E3496FAEB64C}.Debug|x64.Build.0 = Debug|x64
		{886CA9EE-32E8-426B-AF05-E3496FAEB64C}.Debug|x86.ActiveCfg = Debug|Win32
		{886CA9EE-32E8-426B-AF05-E3496FAEB64C}.Debug|x86.Build.0 = Debug|Win32
		{886CA9EE-32E8-426B-AF05-E3496FAEB64C}.Release|x64.ActiveCfg = Release|x64
		{886CA9EE-32E8-426B-AF05-E3496FAEB64C}.Release|x64.Build.0 = Release|x64
		{886CA9EE-32E8-426B-AF05-E3496FAEB64C}.Release|x86.ActiveCfg = Release|Win32
		{886CA9EE-32E8-426B-AF05-E3496FAEB64C}.Release|x86.Build.0 = Release|Win32
		{373EFC93-BBF0-4621-A738-6FC68B985A6E}.Debug|x64.ActiveCfg = Debug|x64
		{373EFC93-BBF0-4621-A738-6FC68B985A6E}.Debug|x64.Build.0 = Debug|x64
		{373EFC93-BBF0-4621-A738-6FC68B985A6E}.Debug|x86.ActiveCfg = Debug|Win32
		{373EFC93-BBF0-4621-A738-6FC68B985A6E}.Debug|x86.Build.0 = Debug|Win32
		{373EFC93-BBF0-4621-A738-6FC68B985A6E}.Release|x64.ActiveCfg = Release|x64
		{373EFC93-BBF0-4621-A738-6FC68B985A6E}.Release|x64.Build.0 = Release|x64
		{373EFC93-BBF0-4621-A738-6FC68B985A6E}.Release|x86.ActiveCfg = Release|Win32
		{373EFC93-BBF0-4621-A738-6FC68B985A6E}.Release|x86.Build.0 = Release|Win32
		{1B130600-52D6-42E8-BD27-202F4F2004DA}.Debug|x64.ActiveCfg = Debug|x64
		{1B130600-52D6-42E8-BD27-202F4F2004DA}.Debug|x64.Build.0 = Debug|x64
		{1B130600-52D6-42E8-BD27-202F4F2004DA}.Debug|x86.ActiveCfg = Debug|Win32
		{1B130600-52D6-42E8-BD27-202F4F2004DA}.Debug|x86.Build.0 = Debug|Win32
		{1B130600-52D6-42E8-BD27-202F4F2004DA}.Release|x64.ActiveCfg = Release|x64
		{1B130600-52D6-42E8-BD27-202F4F2004DA}.Release|x64.Build.0 = Release|x64
		{1B130600-52D6-42E8-BD27-202F4F2004DA}.Release|x86.ActiveCfg = Release|Win32
		{1B130600-52D6-42E8-BD27-202F4F2004DA}.Release|x86.Build.0 = Release|Win32
		{E5F7D9F3-9E1A-4E29-B5E6-B4272AC0C106}.Debug|x64.ActiveCfg = Debug|x64
		{E5F7D9F3-9E1A-4E29-B5E6-B4272AC0C106}.Debug|x64.Build.0 = Debug|x64
		{E5F7D9F3-9E1A-4E29-B5E6-B4272AC0C106}.Debug|x86.ActiveCfg = Debug|Win32
		{E5F7D9F3-9E1A-4E29-B5E6-B4272AC0C106}.Debug|x86.Build.0 = Debug|Win32
		{E5F7D9F3-9E1A-4E29-B5E6-B4272AC0C106}.Release|x64.ActiveCfg = Release|x64
		{E5F7D9F3-9E1A-4E29-B5E6-B4272AC0C106}.Release|x64.Build.0 = Release|x64
		{E5F7D9F3-9E1A-4E29-B5E6-B4272AC0C106}.Release|x86.ActiveCfg = Release|Win32
		{E5F7D9F3-9E1A-4E29-B5E6-B4272AC0C106}.Release|x86.Build.0 = Release|Win32
		{91B61C9F-6CFD-4640-8F83-AFACE16D53B7}.Debug|x64.ActiveCfg = Debug|x64
		{91B61C9F-6CFD-4640-8F83-AFACE16D53B7}.Debug|x64.Build.0 = Debug|x64
		{91B61C9F-6CFD-4640-8F83-AFACE16D53B7}.Debug|x86.ActiveCfg = Debug|Win32
		{91B61C9F-6CFD-4640-8F83-AFACE16D53B7}.Debug|x86.Build.0 = Debug|Win32
		{91B61C9F-6CFD-4640-8F83-AFACE16D53B7}.Release|x64.ActiveCfg = Release|x64
		{91B61C9F-6CFD-4640-8F83-AFACE16D53B7}.Release|x64.Build.0 = Release|x64
		{91B61C9F-6CFD-4640-8F83-AFACE16D53B7}.Release|x86.ActiveCfg = Release|Win32
		{91B61C9F-6CFD-4640-8F83-AFACE16D53B7}.Release|x86.Build.0 = Release|Win32
		{6FFC896B-8E32-48F6-82D4-A0476F7BB4D1}.Debug|x64.ActiveCfg = Debug|x64
		{6FFC896B-8E32-48F6-82D4-A0476F7BB4D1}.Debug|x64.Build.0 = Debug|x64
		{6FFC896B-8E32-48F6-82D4-A0476F7BB4D1}.Debug|x86.ActiveCfg = Debug|Win32
		{6FFC896B-8E32-48F6-82D4-A0476F7BB4D1}.Debug|x86.Build.0 = Debug|Win32
		{6FFC896B-8E32-48F6-82D4-A0476F7BB4D1}.Release|x64.ActiveCfg = Release|x64
		{6FFC896B-8E32-48F6-82D4-A0476F7BB4D1}.Release|x64.Build.0 = Release|x64
		{6FFC896B-8E32-48F6-82D4-A0476F7BB4D1}.Release|x86.ActiveCfg = Release|Win32
		{6FFC896B-8E32-48F6-82D4-A0476F7BB4D1}.Release|x86.Build.0 = Release|Win32
		{04EC5496-5DC9-4F70-B718-178A8225008E}.Debug|x64.ActiveCfg = Debug|x64
		{04EC5496-5DC9-4F70-B718-178A8225008E}.Debug|x64.Build.0 = Debug|x64
		{04EC5496-5DC9-4F70-B718-178A8225008E}.Debug|x86.ActiveCfg = Debug|Win32
		{04EC5496-5DC9-4F70-B718-178A8225008E}.Debug|x86.Build.0 = Debug|Win32
		{04EC5496-5DC9-4F70-B718-178A8225008E}.Release|x64.ActiveCfg = Release|x64
		{04EC5496-5DC9-4F70-B718-178A8225008E}.Release|x64.Build.0 = Release|x64
		{04EC5496-5DC9-4F70-B718-178A8225008E}.Release|x86.ActiveCfg = Release|Win32
		{04EC5496-5DC9-4F70-B718-178A8225008E}.Release|x86.Build.0 = Release|Win32
		{0B7D4FC5-6408-4DC1-9B9B-25C32B9FB11D}.Debug|x64.ActiveCfg = Debug|x64
		{0B7D4FC5-6408-4DC1-9B9B-25C32B9FB11D}.Debug|x64.Build.0 = Debug|x64
		{0B7D4FC5-6408-4DC1-9B9B-25C32B9FB11D}.Debug|x86.ActiveCfg = Debug|Win32
		{0B7D4FC5-6408-4DC1-9B9B-25C32B9FB11D}.Debug|x86.Build.0 = Debug|Win32
		{0B7D4FC5-6408-4DC1-9B9B-25C32B9FB11D}.Release|x64.ActiveCfg = Release|x64
		{0B7D4FC5-6408-4DC1-9B9B-25C32B9FB11D}.Release|x64.Build.0 = Release|x64
		{0B7D4FC5-6408-4DC1-9B9B-25C32B9FB11D}.Release|x86.ActiveCfg = Release|Win32
		{0B7D4FC5-6408-4DC1-9B9B-25C32B9FB11D}.Release|x86.Build.0 = Release|Win32
		{DB91BFAE-22DA-4E2E-8249-57BF69BED63D}.Debug|x64.ActiveCfg = Debug|x64
		{DB91BFAE-22DA-4E2E-8249-57BF69BED63D}.Debug|x64.Build.0 = Debug|x64
		{DB91BFAE-22DA-4E2E-8249-57BF69BED63D}.Debug|x86.ActiveCfg = Debug|Win32
		{DB91BFAE-22DA-4E2E-8249-57BF69BED63D}.Debug|x86.Build.0 = Debug|Win32
		{DB91BFAE-22DA-4E2E-8249-57BF69BED63D}.Release|x64.ActiveCfg = Release|x64
		{DB91BFAE-22DA-4E2E-8249-57BF69BED63D}.Release|x64.Build.0 = Release|x64
		{DB91BFAE-22DA-4E2E-8249-57BF69BED63D}.Release|x86.ActiveCfg = Release|Win32
		{DB91BFAE-22DA-4E2E-8249-57BF69BED63D}.Release|x86.Build.0 = Release|Win32
		{84D5DB52-B0F2-4D7F-9422-5536B38A25D1}.Debug|x64.ActiveCfg = Debug|x64
		{84D5DB52-B0F2-4D7F-9422-5536B38A25D1}.Debug|x64.Build.0 = Debug|x64
		{84D5DB52-B0F2-4D7F-9422-5536B38A25D1}.Debug|x86.ActiveCfg = Debug|Win32
		{84D5DB52-B0F2-4D7F-9422-5536B38A25D1}.Debug|x86.Build.0 = Debug|Win32
		{84D5DB52-B0F2-4D7F-9422-5536B38A25D1}.Release|x64.ActiveCfg = Release|x64
		{84D5DB52-B0F2-4D7F-9422-5536B38A25D1}.Release|x64.Build.0 = Release|x64
		{84D5DB52-B0F2-4D7F-9422-5536B38A25D1}.Release|x86.ActiveCfg = Release|Win32
		{84D5DB52-B0F2-4D7F-9422-5536B38A25D1}.Release|x86.Build.0 = Release|Win32
		{BB58EF7B-4B68-4438-A951-83BF54CE836C}.Debug|x64.ActiveCfg = Debug|x64
		{BB58EF7B-4B68-4438-A951-83BF54CE836C}.Debug|x64.Build.0 = Debug|x64
		{BB58EF7B-4B68-4438-A951-83BF54CE836C}.Debug|x86.ActiveCfg = Debug|Win32
		{BB58EF7B-4B68-4438-A951-83BF54CE836C}.Debug|x86.Build.0 = Debug|Win32
		{BB58EF7B-4B68-4438-A951-83BF54CE836C}.Release|x64.ActiveCfg = Release|x64
		{BB58EF7B-4B68-4438-A951-83BF54CE836C}.Release|x64.Build.0 = Release|x64
		{BB58EF7B-4B68-4438-A951-83BF54CE836C}.Release|x86.ActiveCfg = Release|Win32
		{BB58EF7B-4B68-4438-A951-83BF54CE836C}.Release|x86.Build.0 = Release|Win32
		{9C11A43F-927E-4900-9E8E-0BA7347C9BE1}.Debug|x64.ActiveCfg = Debug|x64
		{9C11A43F-927E-4900-9E8E-0BA7347C9BE1}.Debug|x64.Build.0 = Debug|x64
		{9C11A43F-927E-4900-9E8E-0BA7347C9BE1}.Debug|x86.ActiveCfg = Debug|Win32
		{9C11A43F-927E-4900-9E8E-0BA7347C9BE1}.Debug|x86.Build.0 = Debug|Win32
		{9C11A43F-927E-4900-9E8E-0BA7347C9BE1}.Release|x64.ActiveCfg = Release|x64
		{9C11A43F-927E-4900-9E8E-0BA7347C9BE1}.Release|x64.Build.0 = Release|x64
		{9C11A43F-927E-4900-9E8E-0BA7347C9BE1}.Release|x86.ActiveCfg = Release|Win32
		{9C11A43F-927E-4900-9E8E-0BA7347C9BE1}.Release|x86.Build.0 = Release|Win32
		{BA94BBDB-D4BE-46CB-9EAA-26788DEC488F}.Debug|x64.ActiveCfg = Debug|x64
		{BA94BBDB-D4BE-46CB-9EAA-26788DEC488F}.Debug|x64.Build.0 = Debug|x64
		{BA94BBDB-D4BE-46CB-9EAA-26788DEC488F}.Debug|x86.ActiveCfg = Debug|Win32
		{BA94BBDB-D4BE-46CB-9EAA-26788DEC488F}.Debug|x86.Build.0 = Debug|Win32
		{BA94BBDB-D4BE-46CB-9EAA-26788DEC488F}.Release|x64.ActiveCfg = Release|x64
		{BA94BBDB-D4BE-46CB-9EAA-26788DEC488F}.Release|x64.Build.0 = Release|x64
		{BA94BBDB-D4BE-46CB-9EAA-26788DEC488F}.Release|x86.ActiveCfg = Release|Win32
		{BA94BBDB-D4BE-46CB-9EAA-26788DEC488F}.Release|x86.Build.0 = Release|Win32
		{07EABA90-0CE5-475F-A563-CA2107E44BBC}.Debug|x64.ActiveCfg = Debug|x64
		{07EABA90-0CE5-475F-A563-CA2107E44BBC}.Debug|x64.Build.0 = Debug|x64
		{07EABA90-0CE5-475F-A563-CA2107E44BBC}.Debug|x86.ActiveCfg = Debug|Win32
		{07EABA90-0CE5-475F-A563-CA2107E44BBC}.Debug|x86.Build.0 = Debug|Win32
		{07EABA90-0CE5-475F-A563-CA2107E44BBC}.Release|x64.ActiveCfg = Release|x64
		{07EABA90-0CE5-475F-A563-CA2107E44BBC}.Release|x64.Build.0 = Release|x64
		{07EABA90-0CE5-475F-A563-CA2107E44BBC}.Release|x86.ActiveCfg = Release|Win32
		{07EABA90-0CE5-475F-A563-CA2107E44BBC}.Release|x86.Build.0 = Release|Win32
		{740CBBEE-F373-4E21-AEB5-A25739A896B2}.Debug|x64.ActiveCfg = Debug|x64
		{740CBBEE-F373-4E21-AEB5-A25739A896B2}.Debug|x64.Build.0 = Debug|x64
		{740CBBEE-F373-4E21-AEB5-A25739A896B2}.Debug|x86.ActiveCfg = Debug|Win32
		{740CBBEE-F373-4E21-AEB5-A25739A896B2}.Debug|x86.Build.0 = Debug|Win32
		{740CBBEE-F373-4E21-AEB5-A25739A896B2}.Release|x64.ActiveCfg = Release|x64
		{740CBBEE-F373-4E21-AEB5-A25739A896B2}.Release|x64.Build.0 = Release|x64
		{740CBBEE-F373-4E21-AEB5-A25739A896B2}.Release|x86.ActiveCfg = Release|Win32
		{740CBBEE-F373-4E21-AEB5-A25739A896B2}.Release|x86.Build.0 = Release|Win32
	EndGlobalSection
	GlobalSection(SolutionProperties) = preSolution
		HideSolutionNode = FALSE
	EndGlobalSection
	GlobalSection(ExtensibilityGlobals) = postSolution
		SolutionGuid = {145CC82E-60D2-42CE-9CD6-F435C068890F}
	EndGlobalSection
EndGlobal
