
Microsoft Visual Studio Solution File, Format Version 12.00
# Visual Studio 15
VisualStudioVersion = 15.0.28307.329
MinimumVisualStudioVersion = 10.0.40219.1
Project("{8BC9CEB8-8B4A-11D0-8D11-00A0C91BC942}") = "string", "string\string.vcxproj", "{06417628-0854-4241-8877-031F5D84828C}"
EndProject
Project("{8BC9CEB8-8B4A-11D0-8D11-00A0C91BC942}") = "linked_list", "linked_list\linked_list.vcxproj", "{D0DEA352-E6DE-47AC-BFB2-69CDA25CAE2B}"
EndProject
Global
	GlobalSection(SolutionConfigurationPlatforms) = preSolution
		Debug|x64 = Debug|x64
		Debug|x86 = Debug|x86
		Release|x64 = Release|x64
		Release|x86 = Release|x86
	EndGlobalSection
	GlobalSection(ProjectConfigurationPlatforms) = postSolution
		{06417628-0854-4241-8877-031F5D84828C}.Debug|x64.ActiveCfg = Debug|x64
		{06417628-0854-4241-8877-031F5D84828C}.Debug|x64.Build.0 = Debug|x64
		{06417628-0854-4241-8877-031F5D84828C}.Debug|x86.ActiveCfg = Debug|Win32
		{06417628-0854-4241-8877-031F5D84828C}.Debug|x86.Build.0 = Debug|Win32
		{06417628-0854-4241-8877-031F5D84828C}.Release|x64.ActiveCfg = Release|x64
		{06417628-0854-4241-8877-031F5D84828C}.Release|x64.Build.0 = Release|x64
		{06417628-0854-4241-8877-031F5D84828C}.Release|x86.ActiveCfg = Release|Win32
		{06417628-0854-4241-8877-031F5D84828C}.Release|x86.Build.0 = Release|Win32
		{D0DEA352-E6DE-47AC-BFB2-69CDA25CAE2B}.Debug|x64.ActiveCfg = Debug|x64
		{D0DEA352-E6DE-47AC-BFB2-69CDA25CAE2B}.Debug|x64.Build.0 = Debug|x64
		{D0DEA352-E6DE-47AC-BFB2-69CDA25CAE2B}.Debug|x86.ActiveCfg = Debug|Win32
		{D0DEA352-E6DE-47AC-BFB2-69CDA25CAE2B}.Debug|x86.Build.0 = Debug|Win32
		{D0DEA352-E6DE-47AC-BFB2-69CDA25CAE2B}.Release|x64.ActiveCfg = Release|x64
		{D0DEA352-E6DE-47AC-BFB2-69CDA25CAE2B}.Release|x64.Build.0 = Release|x64
		{D0DEA352-E6DE-47AC-BFB2-69CDA25CAE2B}.Release|x86.ActiveCfg = Release|Win32
		{D0DEA352-E6DE-47AC-BFB2-69CDA25CAE2B}.Release|x86.Build.0 = Release|Win32
	EndGlobalSection
	GlobalSection(SolutionProperties) = preSolution
		HideSolutionNode = FALSE
	EndGlobalSection
	GlobalSection(ExtensibilityGlobals) = postSolution
		SolutionGuid = {D6B1BBD6-556E-4868-B214-C7DD66838A43}
	EndGlobalSection
EndGlobal
